
Microsoft Visual Studio Solution File, Format Version 12.00
# Visual Studio Version 17
VisualStudioVersion = 17.14.36414.22 d17.14
MinimumVisualStudioVersion = 10.0.40219.1
Project("{FAE04EC0-301F-11D3-BF4B-00C04F79EFBC}") = "SwimmingSchool_Implementation", "SwimmingSchool_Implementation.csproj", "{6C71487E-ACD3-414B-BF7A-6190A76B0A53}"
EndProject
Global
	GlobalSection(SolutionConfigurationPlatforms) = preSolution
		Debug|Any CPU = Debug|Any CPU
		Release|Any CPU = Release|Any CPU
	EndGlobalSection
	GlobalSection(ProjectConfigurationPlatforms) = postSolution
		{6C71487E-ACD3-414B-BF7A-6190A76B0A53}.Debug|Any CPU.ActiveCfg = Debug|Any CPU
		{6C71487E-ACD3-414B-BF7A-6190A76B0A53}.Debug|Any CPU.Build.0 = Debug|Any CPU
		{6C71487E-ACD3-414B-BF7A-6190A76B0A53}.Release|Any CPU.ActiveCfg = Release|Any CPU
		{6C71487E-ACD3-414B-BF7A-6190A76B0A53}.Release|Any CPU.Build.0 = Release|Any CPU
	EndGlobalSection
	GlobalSection(SolutionProperties) = preSolution
		HideSolutionNode = FALSE
	EndGlobalSection
	GlobalSection(ExtensibilityGlobals) = postSolution
		SolutionGuid = {2A7F7B39-0D29-4D75-BB35-4A4CEF8C5C75}
	EndGlobalSection
EndGlobal
